{
  "nodes": {
    "nixpkgs": {
      "locked": {
        "lastModified": 1725757736,
        "narHash": "sha256-54JZVXfHLA8QOYIOqTXuGVq0uYjG7CQDgIj4Zfg1B2E=",
        "owner": "nixos",
        "repo": "nixpkgs",
        "rev": "15ecc60006ec91dcf34d8467c071c71c1cfab891",
        "type": "github"
      },
      "original": {
        "owner": "nixos",
        "repo": "nixpkgs",
        "type": "github"
      }
    },
    "root": {
      "inputs": {
        "nixpkgs": "nixpkgs"
      }
    }
  },
  "root": "root",
  "version": 7
}
