{
  "nodes": {
    "nixpkgs": {
      "locked": {
        "lastModified": 1720917991,
        "narHash": "sha256-Wvz0QOf8L4rl3S7bQK7pex2EL9+sSC7h2QazlfIlF64=",
        "owner": "nixos",
        "repo": "nixpkgs",
        "rev": "e28b6650c3876accd7af7329b46c642647e890cd",
        "type": "github"
      },
      "original": {
        "owner": "nixos",
        "repo": "nixpkgs",
        "type": "github"
      }
    },
    "root": {
      "inputs": {
        "nixpkgs": "nixpkgs"
      }
    }
  },
  "root": "root",
  "version": 7
}
