{
  "nodes": {
    "nixpkgs": {
      "locked": {
        "lastModified": 1728176701,
        "narHash": "sha256-/86dbda3IDDL1BEA1oVoJRh+l8o5pMKvVWFboOQO9lU=",
        "owner": "nixos",
        "repo": "nixpkgs",
        "rev": "4fddfa481a343b47d198bdc6178c0be6f78d122b",
        "type": "github"
      },
      "original": {
        "owner": "nixos",
        "repo": "nixpkgs",
        "type": "github"
      }
    },
    "root": {
      "inputs": {
        "nixpkgs": "nixpkgs"
      }
    }
  },
  "root": "root",
  "version": 7
}
